{
  "version": 4,
  "terraform_version": "0.12.15",
  "serial": 114,
  "lineage": "a4bf73a7-753a-f0ad-e3a8-2e3d6c646421",
  "outputs": {},
  "resources": [
    {
      "mode": "data",
      "type": "vsphere_datacenter",
      "name": "dc",
      "provider": "provider.vsphere",
      "instances": [
        {
          "schema_version": 0,
          "attributes": {
            "id": "datacenter-7",
            "name": "ZODemo-Datacenter02"
          }
        }
      ]
    },
    {
      "mode": "data",
      "type": "vsphere_datastore",
      "name": "datastore",
      "provider": "provider.vsphere",
      "instances": [
        {
          "schema_version": 0,
          "attributes": {
            "datacenter_id": "datacenter-7",
            "id": "datastore-29",
            "name": "Tintri_ZODemo"
          }
        }
      ]
    },
    {
      "mode": "data",
      "type": "vsphere_datastore",
      "name": "iso_datastore",
      "provider": "provider.vsphere",
      "instances": [
        {
          "schema_version": 0,
          "attributes": {
            "datacenter_id": "datacenter-7",
            "id": "datastore-26",
            "name": "Tintri_ISO"
          }
        }
      ]
    },
    {
      "mode": "data",
      "type": "vsphere_network",
      "name": "network",
      "provider": "provider.vsphere",
      "instances": [
        {
          "schema_version": 0,
          "attributes": {
            "datacenter_id": "datacenter-7",
            "id": "network-354",
            "name": "Shawn",
            "type": "Network"
          }
        }
      ]
    },
    {
      "mode": "data",
      "type": "vsphere_resource_pool",
      "name": "pool",
      "provider": "provider.vsphere",
      "instances": [
        {
          "schema_version": 0,
          "attributes": {
            "datacenter_id": "datacenter-7",
            "id": "resgroup-239",
            "name": "nVidia-Demo"
          }
        }
      ]
    },
    {
      "mode": "data",
      "type": "vsphere_virtual_machine",
      "name": "template",
      "provider": "provider.vsphere",
      "instances": [
        {
          "schema_version": 0,
          "attributes": {
            "alternate_guest_name": "",
            "datacenter_id": "datacenter-7",
            "disks": [
              {
                "eagerly_scrub": false,
                "size": 50,
                "thin_provisioned": true
              }
            ],
            "firmware": "efi",
            "guest_id": "ubuntu64Guest",
            "id": "421baa88-a8dc-4013-bd83-305e7ed27399",
            "name": "GPUDriverTest",
            "network_interface_types": [
              "vmxnet3"
            ],
            "scsi_bus_sharing": "noSharing",
            "scsi_controller_scan_count": 1,
            "scsi_type": "lsilogic"
          }
        }
      ]
    },
    {
      "mode": "managed",
      "type": "vsphere_virtual_machine",
      "name": "vm",
      "each": "list",
      "provider": "provider.vsphere",
      "instances": [
        {
          "index_key": 0,
          "schema_version": 3,
          "attributes": {
            "alternate_guest_name": "",
            "annotation": "",
            "boot_delay": 0,
            "boot_retry_delay": 10000,
            "boot_retry_enabled": false,
            "cdrom": [],
            "change_version": "2019-11-28T17:01:11.682527Z",
            "clone": [
              {
                "customize": [
                  {
                    "dns_server_list": [
                      "10.66.0.253"
                    ],
                    "dns_suffix_list": [],
                    "ipv4_gateway": "10.66.200.254",
                    "ipv6_gateway": "",
                    "linux_options": [
                      {
                        "domain": "zodemo.com",
                        "host_name": "k8s-master1",
                        "hw_clock_utc": true,
                        "time_zone": ""
                      }
                    ],
                    "network_interface": [
                      {
                        "dns_domain": "",
                        "dns_server_list": [],
                        "ipv4_address": "10.66.200.10",
                        "ipv4_netmask": 24,
                        "ipv6_address": "",
                        "ipv6_netmask": 0
                      }
                    ],
                    "timeout": 10,
                    "windows_options": [],
                    "windows_sysprep_text": ""
                  }
                ],
                "linked_clone": false,
                "template_uuid": "421baa88-a8dc-4013-bd83-305e7ed27399",
                "timeout": 30
              }
            ],
            "cpu_hot_add_enabled": false,
            "cpu_hot_remove_enabled": false,
            "cpu_limit": -1,
            "cpu_performance_counters_enabled": false,
            "cpu_reservation": 0,
            "cpu_share_count": 4000,
            "cpu_share_level": "normal",
            "custom_attributes": {},
            "datastore_cluster_id": null,
            "datastore_id": "datastore-29",
            "default_ip_address": "10.66.200.10",
            "disk": [
              {
                "attach": false,
                "datastore_id": "datastore-29",
                "device_address": "scsi:0:0",
                "disk_mode": "persistent",
                "disk_sharing": "sharingNone",
                "eagerly_scrub": false,
                "io_limit": -1,
                "io_reservation": 0,
                "io_share_count": 1000,
                "io_share_level": "normal",
                "keep_on_remove": false,
                "key": 2000,
                "label": "disk0",
                "name": "",
                "path": "k8s-master1/k8s-master1_3.vmdk",
                "size": 50,
                "thin_provisioned": true,
                "unit_number": 0,
                "uuid": "6000C291-f885-95ab-4ccd-0335f0bc039f",
                "write_through": false
              }
            ],
            "efi_secure_boot_enabled": false,
            "enable_disk_uuid": false,
            "enable_logging": false,
            "ept_rvi_mode": "automatic",
            "extra_config": {},
            "firmware": "efi",
            "folder": "",
            "force_power_off": true,
            "guest_id": "ubuntu64Guest",
            "guest_ip_addresses": [
              "10.66.200.10",
              "fe80::250:56ff:fe9b:f062"
            ],
            "host_system_id": "host-17",
            "hv_mode": "hvAuto",
            "id": "421b5e32-9fec-b36c-e296-aab51574cbb3",
            "ignored_guest_ips": null,
            "imported": null,
            "latency_sensitivity": "normal",
            "memory": 8192,
            "memory_hot_add_enabled": false,
            "memory_limit": -1,
            "memory_reservation": 8192,
            "memory_share_count": 81920,
            "memory_share_level": "normal",
            "migrate_wait_timeout": 30,
            "moid": "vm-407",
            "name": "k8s-master1",
            "nested_hv_enabled": false,
            "network_interface": [
              {
                "adapter_type": "vmxnet3",
                "bandwidth_limit": -1,
                "bandwidth_reservation": 0,
                "bandwidth_share_count": 50,
                "bandwidth_share_level": "normal",
                "device_address": "pci:0:7",
                "key": 4000,
                "mac_address": "00:50:56:9b:f0:62",
                "network_id": "network-354",
                "use_static_mac": false
              }
            ],
            "num_cores_per_socket": 1,
            "num_cpus": 4,
            "reboot_required": false,
            "resource_pool_id": "resgroup-239",
            "run_tools_scripts_after_power_on": true,
            "run_tools_scripts_after_resume": true,
            "run_tools_scripts_before_guest_reboot": false,
            "run_tools_scripts_before_guest_shutdown": true,
            "run_tools_scripts_before_guest_standby": true,
            "scsi_bus_sharing": "noSharing",
            "scsi_controller_count": 1,
            "scsi_type": "pvscsi",
            "shutdown_wait_timeout": 3,
            "swap_placement_policy": "inherit",
            "sync_time_with_host": false,
            "tags": [],
            "uuid": "421b5e32-9fec-b36c-e296-aab51574cbb3",
            "vapp": [],
            "vapp_transport": [],
            "vmware_tools_status": "guestToolsRunning",
            "vmx_path": "k8s-master1/k8s-master1.vmx",
            "wait_for_guest_ip_timeout": 0,
            "wait_for_guest_net_routable": true,
            "wait_for_guest_net_timeout": 10
          },
          "private": "eyJzY2hlbWFfdmVyc2lvbiI6IjMifQ=="
        },
        {
          "index_key": 1,
          "schema_version": 3,
          "attributes": {
            "alternate_guest_name": "",
            "annotation": "",
            "boot_delay": 0,
            "boot_retry_delay": 10000,
            "boot_retry_enabled": false,
            "cdrom": [],
            "change_version": "2019-11-28T17:17:25.583646Z",
            "clone": [
              {
                "customize": [
                  {
                    "dns_server_list": [
                      "10.66.0.253"
                    ],
                    "dns_suffix_list": null,
                    "ipv4_gateway": "10.66.200.254",
                    "ipv6_gateway": "",
                    "linux_options": [
                      {
                        "domain": "zodemo.com",
                        "host_name": "k8s-worker1",
                        "hw_clock_utc": true,
                        "time_zone": ""
                      }
                    ],
                    "network_interface": [
                      {
                        "dns_domain": "",
                        "dns_server_list": null,
                        "ipv4_address": "10.66.200.11",
                        "ipv4_netmask": 24,
                        "ipv6_address": "",
                        "ipv6_netmask": 0
                      }
                    ],
                    "timeout": 10,
                    "windows_options": [],
                    "windows_sysprep_text": ""
                  }
                ],
                "linked_clone": false,
                "template_uuid": "421baa88-a8dc-4013-bd83-305e7ed27399",
                "timeout": 30
              }
            ],
            "cpu_hot_add_enabled": false,
            "cpu_hot_remove_enabled": false,
            "cpu_limit": -1,
            "cpu_performance_counters_enabled": false,
            "cpu_reservation": 0,
            "cpu_share_count": 4000,
            "cpu_share_level": "normal",
            "custom_attributes": null,
            "datastore_cluster_id": null,
            "datastore_id": "datastore-29",
            "default_ip_address": "10.66.200.11",
            "disk": [
              {
                "attach": false,
                "datastore_id": "datastore-29",
                "device_address": "scsi:0:0",
                "disk_mode": "persistent",
                "disk_sharing": "sharingNone",
                "eagerly_scrub": false,
                "io_limit": -1,
                "io_reservation": 0,
                "io_share_count": 1000,
                "io_share_level": "normal",
                "keep_on_remove": false,
                "key": 2000,
                "label": "disk0",
                "name": "",
                "path": "k8s-worker1/k8s-worker1_3.vmdk",
                "size": 50,
                "thin_provisioned": true,
                "unit_number": 0,
                "uuid": "6000C290-4f15-30bb-faff-9c1c0b98cdd2",
                "write_through": false
              }
            ],
            "efi_secure_boot_enabled": false,
            "enable_disk_uuid": false,
            "enable_logging": false,
            "ept_rvi_mode": "automatic",
            "extra_config": null,
            "firmware": "efi",
            "folder": "",
            "force_power_off": true,
            "guest_id": "ubuntu64Guest",
            "guest_ip_addresses": [
              "10.66.200.11",
              "fe80::250:56ff:fe9b:f67c"
            ],
            "host_system_id": "host-17",
            "hv_mode": "hvAuto",
            "id": "421b8e43-2b8b-3ff9-760d-af347f3c4677",
            "ignored_guest_ips": null,
            "imported": null,
            "latency_sensitivity": "normal",
            "memory": 8192,
            "memory_hot_add_enabled": false,
            "memory_limit": -1,
            "memory_reservation": 8192,
            "memory_share_count": 81920,
            "memory_share_level": "normal",
            "migrate_wait_timeout": 30,
            "moid": "vm-409",
            "name": "k8s-worker1",
            "nested_hv_enabled": false,
            "network_interface": [
              {
                "adapter_type": "vmxnet3",
                "bandwidth_limit": -1,
                "bandwidth_reservation": 0,
                "bandwidth_share_count": 50,
                "bandwidth_share_level": "normal",
                "device_address": "pci:0:7",
                "key": 4000,
                "mac_address": "00:50:56:9b:f6:7c",
                "network_id": "network-354",
                "use_static_mac": false
              }
            ],
            "num_cores_per_socket": 1,
            "num_cpus": 4,
            "reboot_required": false,
            "resource_pool_id": "resgroup-239",
            "run_tools_scripts_after_power_on": true,
            "run_tools_scripts_after_resume": true,
            "run_tools_scripts_before_guest_reboot": false,
            "run_tools_scripts_before_guest_shutdown": true,
            "run_tools_scripts_before_guest_standby": true,
            "scsi_bus_sharing": "noSharing",
            "scsi_controller_count": 1,
            "scsi_type": "pvscsi",
            "shutdown_wait_timeout": 3,
            "swap_placement_policy": "inherit",
            "sync_time_with_host": false,
            "tags": null,
            "uuid": "421b8e43-2b8b-3ff9-760d-af347f3c4677",
            "vapp": [],
            "vapp_transport": [],
            "vmware_tools_status": "guestToolsRunning",
            "vmx_path": "k8s-worker1/k8s-worker1.vmx",
            "wait_for_guest_ip_timeout": 0,
            "wait_for_guest_net_routable": true,
            "wait_for_guest_net_timeout": 10
          },
          "private": "eyJzY2hlbWFfdmVyc2lvbiI6IjMifQ=="
        },
        {
          "index_key": 2,
          "schema_version": 3,
          "attributes": {
            "alternate_guest_name": "",
            "annotation": "",
            "boot_delay": 0,
            "boot_retry_delay": 10000,
            "boot_retry_enabled": false,
            "cdrom": [],
            "change_version": "2019-11-28T17:15:27.033182Z",
            "clone": [
              {
                "customize": [
                  {
                    "dns_server_list": [
                      "10.66.0.253"
                    ],
                    "dns_suffix_list": null,
                    "ipv4_gateway": "10.66.200.254",
                    "ipv6_gateway": "",
                    "linux_options": [
                      {
                        "domain": "zodemo.com",
                        "host_name": "k8s-worker2",
                        "hw_clock_utc": true,
                        "time_zone": ""
                      }
                    ],
                    "network_interface": [
                      {
                        "dns_domain": "",
                        "dns_server_list": null,
                        "ipv4_address": "10.66.200.12",
                        "ipv4_netmask": 24,
                        "ipv6_address": "",
                        "ipv6_netmask": 0
                      }
                    ],
                    "timeout": 10,
                    "windows_options": [],
                    "windows_sysprep_text": ""
                  }
                ],
                "linked_clone": false,
                "template_uuid": "421baa88-a8dc-4013-bd83-305e7ed27399",
                "timeout": 30
              }
            ],
            "cpu_hot_add_enabled": false,
            "cpu_hot_remove_enabled": false,
            "cpu_limit": -1,
            "cpu_performance_counters_enabled": false,
            "cpu_reservation": 0,
            "cpu_share_count": 4000,
            "cpu_share_level": "normal",
            "custom_attributes": null,
            "datastore_cluster_id": null,
            "datastore_id": "datastore-29",
            "default_ip_address": "10.66.200.12",
            "disk": [
              {
                "attach": false,
                "datastore_id": "datastore-29",
                "device_address": "scsi:0:0",
                "disk_mode": "persistent",
                "disk_sharing": "sharingNone",
                "eagerly_scrub": false,
                "io_limit": -1,
                "io_reservation": 0,
                "io_share_count": 1000,
                "io_share_level": "normal",
                "keep_on_remove": false,
                "key": 2000,
                "label": "disk0",
                "name": "",
                "path": "k8s-worker2/k8s-worker2_3.vmdk",
                "size": 50,
                "thin_provisioned": true,
                "unit_number": 0,
                "uuid": "6000C295-7460-5e2f-36f9-2957259ea9ba",
                "write_through": false
              }
            ],
            "efi_secure_boot_enabled": false,
            "enable_disk_uuid": false,
            "enable_logging": false,
            "ept_rvi_mode": "automatic",
            "extra_config": null,
            "firmware": "efi",
            "folder": "",
            "force_power_off": true,
            "guest_id": "ubuntu64Guest",
            "guest_ip_addresses": [
              "10.66.200.12",
              "fe80::250:56ff:fe9b:3e59"
            ],
            "host_system_id": "host-17",
            "hv_mode": "hvAuto",
            "id": "421ba1e4-f339-12f7-61df-0cea30594949",
            "ignored_guest_ips": null,
            "imported": null,
            "latency_sensitivity": "normal",
            "memory": 8192,
            "memory_hot_add_enabled": false,
            "memory_limit": -1,
            "memory_reservation": 8192,
            "memory_share_count": 81920,
            "memory_share_level": "normal",
            "migrate_wait_timeout": 30,
            "moid": "vm-408",
            "name": "k8s-worker2",
            "nested_hv_enabled": false,
            "network_interface": [
              {
                "adapter_type": "vmxnet3",
                "bandwidth_limit": -1,
                "bandwidth_reservation": 0,
                "bandwidth_share_count": 50,
                "bandwidth_share_level": "normal",
                "device_address": "pci:0:7",
                "key": 4000,
                "mac_address": "00:50:56:9b:3e:59",
                "network_id": "network-354",
                "use_static_mac": false
              }
            ],
            "num_cores_per_socket": 1,
            "num_cpus": 4,
            "reboot_required": false,
            "resource_pool_id": "resgroup-239",
            "run_tools_scripts_after_power_on": true,
            "run_tools_scripts_after_resume": true,
            "run_tools_scripts_before_guest_reboot": false,
            "run_tools_scripts_before_guest_shutdown": true,
            "run_tools_scripts_before_guest_standby": true,
            "scsi_bus_sharing": "noSharing",
            "scsi_controller_count": 1,
            "scsi_type": "pvscsi",
            "shutdown_wait_timeout": 3,
            "swap_placement_policy": "inherit",
            "sync_time_with_host": false,
            "tags": null,
            "uuid": "421ba1e4-f339-12f7-61df-0cea30594949",
            "vapp": [],
            "vapp_transport": [],
            "vmware_tools_status": "guestToolsRunning",
            "vmx_path": "k8s-worker2/k8s-worker2.vmx",
            "wait_for_guest_ip_timeout": 0,
            "wait_for_guest_net_routable": true,
            "wait_for_guest_net_timeout": 10
          },
          "private": "eyJzY2hlbWFfdmVyc2lvbiI6IjMifQ=="
        }
      ]
    }
  ]
}
